
Microsoft Visual Studio Solution File, Format Version 12.00
# Visual Studio Version 17
VisualStudioVersion = 17.0.31903.59
MinimumVisualStudioVersion = 10.0.40219.1
Project("{2150E333-8FDC-42A3-9474-1A3956D46DE8}") = "src", "src", "{150D8334-D8A8-484D-99AC-16532FB27CB1}"
EndProject
Project("{FAE04EC0-301F-11D3-BF4B-00C04F79EFBC}") = "WindowsEasyEmoji.Core", "src\WindowsEasyEmoji.Core\WindowsEasyEmoji.Core.csproj", "{E799362B-C943-4846-8354-CF41746D3ADB}"
EndProject
Project("{FAE04EC0-301F-11D3-BF4B-00C04F79EFBC}") = "WindowsEasyEmoji.Platform", "src\WindowsEasyEmoji.Platform\WindowsEasyEmoji.Platform.csproj", "{348AC810-5828-4201-88C8-CAD4B8CFDAAD}"
EndProject
Project("{FAE04EC0-301F-11D3-BF4B-00C04F79EFBC}") = "WindowsEasyEmoji.App", "src\WindowsEasyEmoji.App\WindowsEasyEmoji.App.csproj", "{BCAB918B-0BD7-4DFF-8B5E-AC5FFACBF540}"
EndProject
Project("{2150E333-8FDC-42A3-9474-1A3956D46DE8}") = "tests", "tests", "{396C8FBB-8DCF-443F-9EA3-368E7BFB906F}"
EndProject
Project("{FAE04EC0-301F-11D3-BF4B-00C04F79EFBC}") = "WindowsEasyEmoji.Core.Tests", "tests\WindowsEasyEmoji.Core.Tests\WindowsEasyEmoji.Core.Tests.csproj", "{DD9A8779-1960-49A5-A07C-999F16292BBC}"
EndProject
Global
	GlobalSection(SolutionConfigurationPlatforms) = preSolution
		Debug|Any CPU = Debug|Any CPU
		Release|Any CPU = Release|Any CPU
	EndGlobalSection
	GlobalSection(SolutionProperties) = preSolution
		HideSolutionNode = FALSE
	EndGlobalSection
	GlobalSection(ProjectConfigurationPlatforms) = postSolution
		{E799362B-C943-4846-8354-CF41746D3ADB}.Debug|Any CPU.ActiveCfg = Debug|Any CPU
		{E799362B-C943-4846-8354-CF41746D3ADB}.Debug|Any CPU.Build.0 = Debug|Any CPU
		{E799362B-C943-4846-8354-CF41746D3ADB}.Release|Any CPU.ActiveCfg = Release|Any CPU
		{E799362B-C943-4846-8354-CF41746D3ADB}.Release|Any CPU.Build.0 = Release|Any CPU
		{348AC810-5828-4201-88C8-CAD4B8CFDAAD}.Debug|Any CPU.ActiveCfg = Debug|Any CPU
		{348AC810-5828-4201-88C8-CAD4B8CFDAAD}.Debug|Any CPU.Build.0 = Debug|Any CPU
		{348AC810-5828-4201-88C8-CAD4B8CFDAAD}.Release|Any CPU.ActiveCfg = Release|Any CPU
		{348AC810-5828-4201-88C8-CAD4B8CFDAAD}.Release|Any CPU.Build.0 = Release|Any CPU
		{BCAB918B-0BD7-4DFF-8B5E-AC5FFACBF540}.Debug|Any CPU.ActiveCfg = Debug|Any CPU
		{BCAB918B-0BD7-4DFF-8B5E-AC5FFACBF540}.Debug|Any CPU.Build.0 = Debug|Any CPU
		{BCAB918B-0BD7-4DFF-8B5E-AC5FFACBF540}.Release|Any CPU.ActiveCfg = Release|Any CPU
		{BCAB918B-0BD7-4DFF-8B5E-AC5FFACBF540}.Release|Any CPU.Build.0 = Release|Any CPU
		{DD9A8779-1960-49A5-A07C-999F16292BBC}.Debug|Any CPU.ActiveCfg = Debug|Any CPU
		{DD9A8779-1960-49A5-A07C-999F16292BBC}.Debug|Any CPU.Build.0 = Debug|Any CPU
		{DD9A8779-1960-49A5-A07C-999F16292BBC}.Release|Any CPU.ActiveCfg = Release|Any CPU
		{DD9A8779-1960-49A5-A07C-999F16292BBC}.Release|Any CPU.Build.0 = Release|Any CPU
	EndGlobalSection
	GlobalSection(NestedProjects) = preSolution
		{E799362B-C943-4846-8354-CF41746D3ADB} = {150D8334-D8A8-484D-99AC-16532FB27CB1}
		{348AC810-5828-4201-88C8-CAD4B8CFDAAD} = {150D8334-D8A8-484D-99AC-16532FB27CB1}
		{BCAB918B-0BD7-4DFF-8B5E-AC5FFACBF540} = {150D8334-D8A8-484D-99AC-16532FB27CB1}
		{DD9A8779-1960-49A5-A07C-999F16292BBC} = {396C8FBB-8DCF-443F-9EA3-368E7BFB906F}
	EndGlobalSection
EndGlobal
