
Microsoft Visual Studio Solution File, Format Version 12.00
# Visual Studio Version 17
VisualStudioVersion = 17.0.31903.59
MinimumVisualStudioVersion = 10.0.40219.1
Project("{2150E333-8FDC-42A3-9474-1A3956D46DE8}") = "src", "src", "{150D8334-D8A8-484D-99AC-16532FB27CB1}"
EndProject
Project("{FAE04EC0-301F-11D3-BF4B-00C04F79EFBC}") = "WindowsEasyEmoji.Core", "src\WindowsEasyEmoji.Core\WindowsEasyEmoji.Core.csproj", "{E799362B-C943-4846-8354-CF41746D3ADB}"
EndProject
Project("{FAE04EC0-301F-11D3-BF4B-00C04F79EFBC}") = "WindowsEasyEmoji.Platform", "src\WindowsEasyEmoji.Platform\WindowsEasyEmoji.Platform.csproj", "{348AC810-5828-4201-88C8-CAD4B8CFDAAD}"
EndProject
Project("{FAE04EC0-301F-11D3-BF4B-00C04F79EFBC}") = "WindowsEasyEmoji.App", "src\WindowsEasyEmoji.App\WindowsEasyEmoji.App.csproj", "{BCAB918B-0BD7-4DFF-8B5E-AC5FFACBF540}"
EndProject
Project("{2150E333-8FDC-42A3-9474-1A3956D46DE8}") = "tests", "tests", "{396C8FBB-8DCF-443F-9EA3-368E7BFB906F}"
EndProject
Project("{FAE04EC0-301F-11D3-BF4B-00C04F79EFBC}") = "WindowsEasyEmoji.Core.Tests", "tests\WindowsEasyEmoji.Core.Tests\WindowsEasyEmoji.Core.Tests.csproj", "{DD9A8779-1960-49A5-A07C-999F16292BBC}"
EndProject
Project("{FAE04EC0-301F-11D3-BF4B-00C04F79EFBC}") = "WindowsEasyEmoji.Platform.Tests", "tests\WindowsEasyEmoji.Platform.Tests\WindowsEasyEmoji.Platform.Tests.csproj", "{7B1230F2-02F9-4195-9CAB-E15919B78BBE}"
EndProject
Project("{FAE04EC0-301F-11D3-BF4B-00C04F79EFBC}") = "WindowsEasyEmoji.E2ETarget", "tests\WindowsEasyEmoji.E2ETarget\WindowsEasyEmoji.E2ETarget.csproj", "{86AC67A2-8079-4E93-9338-A0F71EB68740}"
EndProject
Project("{FAE04EC0-301F-11D3-BF4B-00C04F79EFBC}") = "WindowsEasyEmoji.E2ETests", "tests\WindowsEasyEmoji.E2ETests\WindowsEasyEmoji.E2ETests.csproj", "{219AFB86-91F9-4F73-B004-003D78A628A3}"
EndProject
Project("{2150E333-8FDC-42A3-9474-1A3956D46DE8}") = "tools", "tools", "{EA6CA421-AACC-463A-9958-C91372A2BF3D}"
EndProject
Project("{FAE04EC0-301F-11D3-BF4B-00C04F79EFBC}") = "WindowsEasyEmoji.DataBuilder", "tools\WindowsEasyEmoji.DataBuilder\WindowsEasyEmoji.DataBuilder.csproj", "{EB3BFA6D-6975-464B-82F5-09C2CBF812FA}"
EndProject
Project("{FAE04EC0-301F-11D3-BF4B-00C04F79EFBC}") = "WindowsEasyEmoji.DataBuilder.Tests", "tests\WindowsEasyEmoji.DataBuilder.Tests\WindowsEasyEmoji.DataBuilder.Tests.csproj", "{48777155-6023-4AB6-B788-9E3EADD64B80}"
EndProject
Global
	GlobalSection(SolutionConfigurationPlatforms) = preSolution
		Debug|Any CPU = Debug|Any CPU
		Release|Any CPU = Release|Any CPU
	EndGlobalSection
	GlobalSection(SolutionProperties) = preSolution
		HideSolutionNode = FALSE
	EndGlobalSection
	GlobalSection(ProjectConfigurationPlatforms) = postSolution
		{E799362B-C943-4846-8354-CF41746D3ADB}.Debug|Any CPU.ActiveCfg = Debug|Any CPU
		{E799362B-C943-4846-8354-CF41746D3ADB}.Debug|Any CPU.Build.0 = Debug|Any CPU
		{E799362B-C943-4846-8354-CF41746D3ADB}.Release|Any CPU.ActiveCfg = Release|Any CPU
		{E799362B-C943-4846-8354-CF41746D3ADB}.Release|Any CPU.Build.0 = Release|Any CPU
		{348AC810-5828-4201-88C8-CAD4B8CFDAAD}.Debug|Any CPU.ActiveCfg = Debug|Any CPU
		{348AC810-5828-4201-88C8-CAD4B8CFDAAD}.Debug|Any CPU.Build.0 = Debug|Any CPU
		{348AC810-5828-4201-88C8-CAD4B8CFDAAD}.Release|Any CPU.ActiveCfg = Release|Any CPU
		{348AC810-5828-4201-88C8-CAD4B8CFDAAD}.Release|Any CPU.Build.0 = Release|Any CPU
		{BCAB918B-0BD7-4DFF-8B5E-AC5FFACBF540}.Debug|Any CPU.ActiveCfg = Debug|Any CPU
		{BCAB918B-0BD7-4DFF-8B5E-AC5FFACBF540}.Debug|Any CPU.Build.0 = Debug|Any CPU
		{BCAB918B-0BD7-4DFF-8B5E-AC5FFACBF540}.Release|Any CPU.ActiveCfg = Release|Any CPU
		{BCAB918B-0BD7-4DFF-8B5E-AC5FFACBF540}.Release|Any CPU.Build.0 = Release|Any CPU
		{DD9A8779-1960-49A5-A07C-999F16292BBC}.Debug|Any CPU.ActiveCfg = Debug|Any CPU
		{DD9A8779-1960-49A5-A07C-999F16292BBC}.Debug|Any CPU.Build.0 = Debug|Any CPU
		{DD9A8779-1960-49A5-A07C-999F16292BBC}.Release|Any CPU.ActiveCfg = Release|Any CPU
		{DD9A8779-1960-49A5-A07C-999F16292BBC}.Release|Any CPU.Build.0 = Release|Any CPU
		{7B1230F2-02F9-4195-9CAB-E15919B78BBE}.Debug|Any CPU.ActiveCfg = Debug|Any CPU
		{7B1230F2-02F9-4195-9CAB-E15919B78BBE}.Debug|Any CPU.Build.0 = Debug|Any CPU
		{7B1230F2-02F9-4195-9CAB-E15919B78BBE}.Release|Any CPU.ActiveCfg = Release|Any CPU
		{7B1230F2-02F9-4195-9CAB-E15919B78BBE}.Release|Any CPU.Build.0 = Release|Any CPU
		{86AC67A2-8079-4E93-9338-A0F71EB68740}.Debug|Any CPU.ActiveCfg = Debug|Any CPU
		{86AC67A2-8079-4E93-9338-A0F71EB68740}.Debug|Any CPU.Build.0 = Debug|Any CPU
		{86AC67A2-8079-4E93-9338-A0F71EB68740}.Release|Any CPU.ActiveCfg = Release|Any CPU
		{86AC67A2-8079-4E93-9338-A0F71EB68740}.Release|Any CPU.Build.0 = Release|Any CPU
		{219AFB86-91F9-4F73-B004-003D78A628A3}.Debug|Any CPU.ActiveCfg = Debug|Any CPU
		{219AFB86-91F9-4F73-B004-003D78A628A3}.Debug|Any CPU.Build.0 = Debug|Any CPU
		{219AFB86-91F9-4F73-B004-003D78A628A3}.Release|Any CPU.ActiveCfg = Release|Any CPU
		{219AFB86-91F9-4F73-B004-003D78A628A3}.Release|Any CPU.Build.0 = Release|Any CPU
		{EB3BFA6D-6975-464B-82F5-09C2CBF812FA}.Debug|Any CPU.ActiveCfg = Debug|Any CPU
		{EB3BFA6D-6975-464B-82F5-09C2CBF812FA}.Debug|Any CPU.Build.0 = Debug|Any CPU
		{EB3BFA6D-6975-464B-82F5-09C2CBF812FA}.Release|Any CPU.ActiveCfg = Release|Any CPU
		{EB3BFA6D-6975-464B-82F5-09C2CBF812FA}.Release|Any CPU.Build.0 = Release|Any CPU
		{48777155-6023-4AB6-B788-9E3EADD64B80}.Debug|Any CPU.ActiveCfg = Debug|Any CPU
		{48777155-6023-4AB6-B788-9E3EADD64B80}.Debug|Any CPU.Build.0 = Debug|Any CPU
		{48777155-6023-4AB6-B788-9E3EADD64B80}.Release|Any CPU.ActiveCfg = Release|Any CPU
		{48777155-6023-4AB6-B788-9E3EADD64B80}.Release|Any CPU.Build.0 = Release|Any CPU
	EndGlobalSection
	GlobalSection(NestedProjects) = preSolution
		{E799362B-C943-4846-8354-CF41746D3ADB} = {150D8334-D8A8-484D-99AC-16532FB27CB1}
		{348AC810-5828-4201-88C8-CAD4B8CFDAAD} = {150D8334-D8A8-484D-99AC-16532FB27CB1}
		{BCAB918B-0BD7-4DFF-8B5E-AC5FFACBF540} = {150D8334-D8A8-484D-99AC-16532FB27CB1}
		{DD9A8779-1960-49A5-A07C-999F16292BBC} = {396C8FBB-8DCF-443F-9EA3-368E7BFB906F}
		{7B1230F2-02F9-4195-9CAB-E15919B78BBE} = {396C8FBB-8DCF-443F-9EA3-368E7BFB906F}
		{86AC67A2-8079-4E93-9338-A0F71EB68740} = {396C8FBB-8DCF-443F-9EA3-368E7BFB906F}
		{219AFB86-91F9-4F73-B004-003D78A628A3} = {396C8FBB-8DCF-443F-9EA3-368E7BFB906F}
		{EB3BFA6D-6975-464B-82F5-09C2CBF812FA} = {EA6CA421-AACC-463A-9958-C91372A2BF3D}
		{48777155-6023-4AB6-B788-9E3EADD64B80} = {396C8FBB-8DCF-443F-9EA3-368E7BFB906F}
	EndGlobalSection
EndGlobal
